{
  "nodes": {
    "aagl": {
      "inputs": {
        "flake-compat": "flake-compat",
        "nixpkgs": [
          "nixpkgs"
        ]
      },
      "locked": {
        "lastModified": 1746065248,
        "narHash": "sha256-pf0CHOIJTQllsH++29xzQzGaWUIy/976v2wAEADfDaI=",
        "owner": "ezKEa",
        "repo": "aagl-gtk-on-nix",
        "rev": "d44515cc7473e1463a8e619f7a4ac1c1b58580bd",
        "type": "github"
      },
      "original": {
        "owner": "ezKEa",
        "repo": "aagl-gtk-on-nix",
        "type": "github"
      }
    },
    "ags": {
      "inputs": {
        "nixpkgs": [
          "nixpkgs"
        ],
        "systems": "systems"
      },
      "locked": {
        "lastModified": 1735346349,
        "narHash": "sha256-n/VeEnc6fra2SPgm2ppzwQ52ggYDhpzmBnIBrVD/f+0=",
        "owner": "Aylur",
        "repo": "ags",
        "rev": "237601999d65a4663bcbab934f4f6ce1f579d728",
        "type": "github"
      },
      "original": {
        "owner": "Aylur",
        "ref": "v1",
        "repo": "ags",
        "type": "github"
      }
    },
    "catppuccin": {
      "inputs": {
        "nixpkgs": "nixpkgs"
      },
      "locked": {
        "lastModified": 1746650299,
        "narHash": "sha256-4+pxk1KcSH8ww3tgN808nNJ3E7Q8gNWI+U0sesW7mBQ=",
        "owner": "catppuccin",
        "repo": "nix",
        "rev": "f746600f15b69df05c84e3037749a3be5b1276d1",
        "type": "github"
      },
      "original": {
        "owner": "catppuccin",
        "repo": "nix",
        "type": "github"
      }
    },
    "disko": {
      "inputs": {
        "nixpkgs": [
          "nixpkgs"
        ]
      },
      "locked": {
        "lastModified": 1746729224,
        "narHash": "sha256-9R4sOLAK1w3Bq54H3XOJogdc7a6C2bLLmatOQ+5pf5w=",
        "owner": "nix-community",
        "repo": "disko",
        "rev": "85555d27ded84604ad6657ecca255a03fd878607",
        "type": "github"
      },
      "original": {
        "owner": "nix-community",
        "repo": "disko",
        "type": "github"
      }
    },
    "firefox-addons": {
      "inputs": {
        "nixpkgs": [
          "nixpkgs"
        ]
      },
      "locked": {
        "dir": "pkgs/firefox-addons",
        "lastModified": 1746763406,
        "narHash": "sha256-H46UZd2cAn5ltH0S5xqbLZloABFbUQFbE2r+AqS9A6c=",
        "owner": "rycee",
        "repo": "nur-expressions",
        "rev": "4f972935f830e5fc4ac4574c197c70c40cfa49bc",
        "type": "gitlab"
      },
      "original": {
        "dir": "pkgs/firefox-addons",
        "owner": "rycee",
        "repo": "nur-expressions",
        "type": "gitlab"
      }
    },
    "flake-compat": {
      "flake": false,
      "locked": {
        "lastModified": 1733328505,
        "narHash": "sha256-NeCCThCEP3eCl2l/+27kNNK7QrwZB1IJCrXfrbv5oqU=",
        "owner": "edolstra",
        "repo": "flake-compat",
        "rev": "ff81ac966bb2cae68946d5ed5fc4994f96d0ffec",
        "type": "github"
      },
      "original": {
        "owner": "edolstra",
        "repo": "flake-compat",
        "type": "github"
      }
    },
    "flake-parts": {
      "inputs": {
        "nixpkgs-lib": "nixpkgs-lib"
      },
      "locked": {
        "lastModified": 1743550720,
        "narHash": "sha256-hIshGgKZCgWh6AYJpJmRgFdR3WUbkY04o82X05xqQiY=",
        "owner": "hercules-ci",
        "repo": "flake-parts",
        "rev": "c621e8422220273271f52058f618c94e405bb0f5",
        "type": "github"
      },
      "original": {
        "owner": "hercules-ci",
        "repo": "flake-parts",
        "type": "github"
      }
    },
    "flake-utils": {
      "inputs": {
        "systems": "systems_2"
      },
      "locked": {
        "lastModified": 1731533236,
        "narHash": "sha256-l0KFg5HjrsfsO/JpG+r7fRrqm12kzFHyUHqHCVpMMbI=",
        "owner": "numtide",
        "repo": "flake-utils",
        "rev": "11707dc2f618dd54ca8739b309ec4fc024de578b",
        "type": "github"
      },
      "original": {
        "owner": "numtide",
        "repo": "flake-utils",
        "type": "github"
      }
    },
    "flake-utils_2": {
      "inputs": {
        "systems": "systems_4"
      },
      "locked": {
        "lastModified": 1731533236,
        "narHash": "sha256-l0KFg5HjrsfsO/JpG+r7fRrqm12kzFHyUHqHCVpMMbI=",
        "owner": "numtide",
        "repo": "flake-utils",
        "rev": "11707dc2f618dd54ca8739b309ec4fc024de578b",
        "type": "github"
      },
      "original": {
        "owner": "numtide",
        "repo": "flake-utils",
        "type": "github"
      }
    },
    "freetype2": {
      "flake": false,
      "locked": {
        "lastModified": 1723459814,
        "narHash": "sha256-4l90lDtpgm5xlh2m7ifrqNy373DTRTULRkAzicrM93c=",
        "owner": "freetype",
        "repo": "freetype",
        "rev": "42608f77f20749dd6ddc9e0536788eaad70ea4b5",
        "type": "github"
      },
      "original": {
        "owner": "freetype",
        "ref": "VER-2-13-3",
        "repo": "freetype",
        "type": "github"
      }
    },
    "haipkgs": {
      "inputs": {
        "nixpkgs": [
          "nixpkgs"
        ],
        "rust-overlay": "rust-overlay"
      },
      "locked": {
        "lastModified": 1746836392,
        "narHash": "sha256-KF6ysHjc+iAU4VS1PqW9LH8w8yWigoTLuA06RAWnHmg=",
        "owner": "blahai",
        "repo": "haipkgs",
        "rev": "6dafeb2ae2aec07a631e603f52f7e40d614e985b",
        "type": "github"
      },
      "original": {
        "owner": "blahai",
        "repo": "haipkgs",
        "type": "github"
      }
    },
    "harfbuzz": {
      "flake": false,
      "locked": {
        "lastModified": 1719502711,
        "narHash": "sha256-2ieCf3ftNk851FZBDPVl+7QHWBqD729KiUxUyxi26Yg=",
        "owner": "harfbuzz",
        "repo": "harfbuzz",
        "rev": "9c03576c49db6e7207d9bcdfe3abd170a809157f",
        "type": "github"
      },
      "original": {
        "owner": "harfbuzz",
        "ref": "9.0.0",
        "repo": "harfbuzz",
        "type": "github"
      }
    },
    "home-manager": {
      "inputs": {
        "nixpkgs": [
          "nixpkgs"
        ]
      },
      "locked": {
        "lastModified": 1746798521,
        "narHash": "sha256-axfz/jBEH9XHpS7YSumstV7b2PrPf7L8bhWUtLBv3nA=",
        "owner": "nix-community",
        "repo": "home-manager",
        "rev": "e95a7c5b6fa93304cd2fd78cf676c4f6d23c422c",
        "type": "github"
      },
      "original": {
        "owner": "nix-community",
        "repo": "home-manager",
        "type": "github"
      }
    },
    "libpng": {
      "flake": false,
      "locked": {
        "lastModified": 1726173884,
        "narHash": "sha256-gBfHgGaqVYdmhWXoNKZzPyGzyw2rr3zp+DjWmfC41jk=",
        "owner": "pnggroup",
        "repo": "libpng",
        "rev": "f5e92d76973a7a53f517579bc95d61483bf108c0",
        "type": "github"
      },
      "original": {
        "owner": "pnggroup",
        "ref": "v1.6.44",
        "repo": "libpng",
        "type": "github"
      }
    },
    "mnw": {
      "locked": {
        "lastModified": 1746338991,
        "narHash": "sha256-GbyoHjf14LOxZQc+0NFblI4xf/uwGrYo3W8lwE4HcwI=",
        "owner": "Gerg-L",
        "repo": "mnw",
        "rev": "c65407ee9387ef75985dad3e30f58c822c766ec1",
        "type": "github"
      },
      "original": {
        "owner": "Gerg-L",
        "repo": "mnw",
        "type": "github"
      }
    },
    "nil": {
      "inputs": {
        "flake-utils": [
          "nvf",
          "flake-utils"
        ],
        "nixpkgs": [
          "nvf",
          "nixpkgs"
        ],
        "rust-overlay": "rust-overlay_2"
      },
      "locked": {
        "lastModified": 1741118843,
        "narHash": "sha256-ggXU3RHv6NgWw+vc+HO4/9n0GPufhTIUjVuLci8Za8c=",
        "owner": "oxalica",
        "repo": "nil",
        "rev": "577d160da311cc7f5042038456a0713e9863d09e",
        "type": "github"
      },
      "original": {
        "owner": "oxalica",
        "repo": "nil",
        "type": "github"
      }
    },
    "nixpkgs": {
      "locked": {
        "lastModified": 1744463964,
        "narHash": "sha256-LWqduOgLHCFxiTNYi3Uj5Lgz0SR+Xhw3kr/3Xd0GPTM=",
        "owner": "NixOS",
        "repo": "nixpkgs",
        "rev": "2631b0b7abcea6e640ce31cd78ea58910d31e650",
        "type": "github"
      },
      "original": {
        "owner": "NixOS",
        "ref": "nixos-unstable",
        "repo": "nixpkgs",
        "type": "github"
      }
    },
    "nixpkgs-lib": {
      "locked": {
        "lastModified": 1743296961,
        "narHash": "sha256-b1EdN3cULCqtorQ4QeWgLMrd5ZGOjLSLemfa00heasc=",
        "owner": "nix-community",
        "repo": "nixpkgs.lib",
        "rev": "e4822aea2a6d1cdd36653c134cacfd64c97ff4fa",
        "type": "github"
      },
      "original": {
        "owner": "nix-community",
        "repo": "nixpkgs.lib",
        "type": "github"
      }
    },
    "nixpkgs_2": {
      "locked": {
        "lastModified": 1746663147,
        "narHash": "sha256-Ua0drDHawlzNqJnclTJGf87dBmaO/tn7iZ+TCkTRpRc=",
        "owner": "nixos",
        "repo": "nixpkgs",
        "rev": "dda3dcd3fe03e991015e9a74b22d35950f264a54",
        "type": "github"
      },
      "original": {
        "owner": "nixos",
        "ref": "nixos-unstable",
        "repo": "nixpkgs",
        "type": "github"
      }
    },
    "nixpkgs_3": {
      "locked": {
        "lastModified": 1735821806,
        "narHash": "sha256-cuNapx/uQeCgeuhUhdck3JKbgpsml259sjUQnWM7zW8=",
        "owner": "NixOS",
        "repo": "nixpkgs",
        "rev": "d6973081434f88088e5321f83ebafe9a1167c367",
        "type": "github"
      },
      "original": {
        "owner": "NixOS",
        "ref": "nixpkgs-unstable",
        "repo": "nixpkgs",
        "type": "github"
      }
    },
    "nvf": {
      "inputs": {
        "flake-parts": "flake-parts",
        "flake-utils": "flake-utils",
        "mnw": "mnw",
        "nil": "nil",
        "nixpkgs": [
          "nixpkgs"
        ],
        "systems": "systems_3"
      },
      "locked": {
        "lastModified": 1746799975,
        "narHash": "sha256-mboar60KabTPhaFSXjsPrkFU0zUUthdFoIdOmmOkq2Y=",
        "owner": "notashelf",
        "repo": "nvf",
        "rev": "65e1fdd97ba4d04e36d23117b02a454d1523b632",
        "type": "github"
      },
      "original": {
        "owner": "notashelf",
        "repo": "nvf",
        "type": "github"
      }
    },
    "root": {
      "inputs": {
        "aagl": "aagl",
        "ags": "ags",
        "catppuccin": "catppuccin",
        "disko": "disko",
        "firefox-addons": "firefox-addons",
        "haipkgs": "haipkgs",
        "home-manager": "home-manager",
        "nixpkgs": "nixpkgs_2",
        "nvf": "nvf",
        "wezterm": "wezterm"
      }
    },
    "rust-overlay": {
      "inputs": {
        "nixpkgs": [
          "haipkgs",
          "nixpkgs"
        ]
      },
      "locked": {
        "lastModified": 1741055476,
        "narHash": "sha256-52vwEV0oS2lCnx3c/alOFGglujZTLmObit7K8VblnS8=",
        "owner": "oxalica",
        "repo": "rust-overlay",
        "rev": "aefb7017d710f150970299685e8d8b549d653649",
        "type": "github"
      },
      "original": {
        "owner": "oxalica",
        "repo": "rust-overlay",
        "rev": "aefb7017d710f150970299685e8d8b549d653649",
        "type": "github"
      }
    },
    "rust-overlay_2": {
      "inputs": {
        "nixpkgs": [
          "nvf",
          "nil",
          "nixpkgs"
        ]
      },
      "locked": {
        "lastModified": 1741055476,
        "narHash": "sha256-52vwEV0oS2lCnx3c/alOFGglujZTLmObit7K8VblnS8=",
        "owner": "oxalica",
        "repo": "rust-overlay",
        "rev": "aefb7017d710f150970299685e8d8b549d653649",
        "type": "github"
      },
      "original": {
        "owner": "oxalica",
        "repo": "rust-overlay",
        "type": "github"
      }
    },
    "rust-overlay_3": {
      "inputs": {
        "nixpkgs": [
          "wezterm",
          "nixpkgs"
        ]
      },
      "locked": {
        "lastModified": 1735871325,
        "narHash": "sha256-6Ta5E4mhSfCP6LdkzkG2+BciLOCPeLKuYTJ6lOHW+mI=",
        "owner": "oxalica",
        "repo": "rust-overlay",
        "rev": "a599f011db521766cbaf7c2f5874182485554f00",
        "type": "github"
      },
      "original": {
        "owner": "oxalica",
        "repo": "rust-overlay",
        "type": "github"
      }
    },
    "systems": {
      "locked": {
        "lastModified": 1689347949,
        "narHash": "sha256-12tWmuL2zgBgZkdoB6qXZsgJEH9LR3oUgpaQq2RbI80=",
        "owner": "nix-systems",
        "repo": "default-linux",
        "rev": "31732fcf5e8fea42e59c2488ad31a0e651500f68",
        "type": "github"
      },
      "original": {
        "owner": "nix-systems",
        "repo": "default-linux",
        "type": "github"
      }
    },
    "systems_2": {
      "locked": {
        "lastModified": 1681028828,
        "narHash": "sha256-Vy1rq5AaRuLzOxct8nz4T6wlgyUR7zLU309k9mBC768=",
        "owner": "nix-systems",
        "repo": "default",
        "rev": "da67096a3b9bf56a91d16901293e51ba5b49a27e",
        "type": "github"
      },
      "original": {
        "owner": "nix-systems",
        "repo": "default",
        "type": "github"
      }
    },
    "systems_3": {
      "locked": {
        "lastModified": 1681028828,
        "narHash": "sha256-Vy1rq5AaRuLzOxct8nz4T6wlgyUR7zLU309k9mBC768=",
        "owner": "nix-systems",
        "repo": "default",
        "rev": "da67096a3b9bf56a91d16901293e51ba5b49a27e",
        "type": "github"
      },
      "original": {
        "owner": "nix-systems",
        "repo": "default",
        "type": "github"
      }
    },
    "systems_4": {
      "locked": {
        "lastModified": 1681028828,
        "narHash": "sha256-Vy1rq5AaRuLzOxct8nz4T6wlgyUR7zLU309k9mBC768=",
        "owner": "nix-systems",
        "repo": "default",
        "rev": "da67096a3b9bf56a91d16901293e51ba5b49a27e",
        "type": "github"
      },
      "original": {
        "owner": "nix-systems",
        "repo": "default",
        "type": "github"
      }
    },
    "wezterm": {
      "inputs": {
        "flake-utils": "flake-utils_2",
        "freetype2": "freetype2",
        "harfbuzz": "harfbuzz",
        "libpng": "libpng",
        "nixpkgs": "nixpkgs_3",
        "rust-overlay": "rust-overlay_3",
        "zlib": "zlib"
      },
      "locked": {
        "dir": "nix",
        "lastModified": 1746809679,
        "narHash": "sha256-AnT5xK/a3owTS6eDnDPLUF0cdEMK3SoEPLSNMgyWcpo=",
        "owner": "wez",
        "repo": "wezterm",
        "rev": "af8d521ef606eaf301de4678ec5270c3723bd915",
        "type": "github"
      },
      "original": {
        "dir": "nix",
        "owner": "wez",
        "repo": "wezterm",
        "type": "github"
      }
    },
    "zlib": {
      "flake": false,
      "locked": {
        "lastModified": 1705948357,
        "narHash": "sha256-TkPLWSN5QcPlL9D0kc/yhH0/puE9bFND24aj5NVDKYs=",
        "owner": "madler",
        "repo": "zlib",
        "rev": "51b7f2abdade71cd9bb0e7a373ef2610ec6f9daf",
        "type": "github"
      },
      "original": {
        "owner": "madler",
        "ref": "v1.3.1",
        "repo": "zlib",
        "type": "github"
      }
    }
  },
  "root": "root",
  "version": 7
}
